// !$*UTF8*$!
{
	archiveVersion = 1;
	classes = {
	};
	objectVersion = 46;
	objects = {

/* Begin PBXBuildFile section */
		18F55C5E1C12DCEB00EFC452 /* main.m in Sources */ = {isa = PBXBuildFile; fileRef = 18F55C5D1C12DCEB00EFC452 /* main.m */; };
		18F55C611C12DCEB00EFC452 /* AppDelegate.m in Sources */ = {isa = PBXBuildFile; fileRef = 18F55C601C12DCEB00EFC452 /* AppDelegate.m */; };
		18F55C641C12DCEB00EFC452 /* ViewController.m in Sources */ = {isa = PBXBuildFile; fileRef = 18F55C631C12DCEB00EFC452 /* ViewController.m */; };
		18F55C671C12DCEB00EFC452 /* Main.storyboard in Resources */ = {isa = PBXBuildFile; fileRef = 18F55C651C12DCEB00EFC452 /* Main.storyboard */; };
		18F55C691C12DCEB00EFC452 /* Assets.xcassets in Resources */ = {isa = PBXBuildFile; fileRef = 18F55C681C12DCEB00EFC452 /* Assets.xcassets */; };
		18F55C6C1C12DCEB00EFC452 /* LaunchScreen.storyboard in Resources */ = {isa = PBXBuildFile; fileRef = 18F55C6A1C12DCEB00EFC452 /* LaunchScreen.storyboard */; };
		18F55C771C12DCEB00EFC452 /* textTests.m in Sources */ = {isa = PBXBuildFile; fileRef = 18F55C761C12DCEB00EFC452 /* textTests.m */; };
		18F55C821C12DCEB00EFC452 /* textUITests.m in Sources */ = {isa = PBXBuildFile; fileRef = 18F55C811C12DCEB00EFC452 /* textUITests.m */; };
/* End PBXBuildFile section */

/* Begin PBXContainerItemProxy section */
		18F55C731C12DCEB00EFC452 /* PBXContainerItemProxy */ = {
			isa = PBXContainerItemProxy;
			containerPortal = 18F55C511C12DCEB00EFC452 /* Project object */;
			proxyType = 1;
			remoteGlobalIDString = 18F55C581C12DCEB00EFC452;
			remoteInfo = text;
		};
		18F55C7E1C12DCEB00EFC452 /* PBXContainerItemProxy */ = {
			isa = PBXContainerItemProxy;
			containerPortal = 18F55C511C12DCEB00EFC452 /* Project object */;
			proxyType = 1;
			remoteGlobalIDString = 18F55C581C12DCEB00EFC452;
			remoteInfo = text;
		};
/* End PBXContainerItemProxy section */

/* Begin PBXFileReference section */
		18F55C591C12DCEB00EFC452 /* text.app */ = {isa = PBXFileReference; explicitFileType = wrapper.application; includeInIndex = 0; path = text.app; sourceTree = BUILT_PRODUCTS_DIR; };
		18F55C5D1C12DCEB00EFC452 /* main.m */ = {isa = PBXFileReference; lastKnownFileType = sourcecode.c.objc; path = main.m; sourceTree = "<group>"; };
		18F55C5F1C12DCEB00EFC452 /* AppDelegate.h */ = {isa = PBXFileReference; lastKnownFileType = sourcecode.c.h; path = AppDelegate.h; sourceTree = "<group>"; };
		18F55C601C12DCEB00EFC452 /* AppDelegate.m */ = {isa = PBXFileReference; lastKnownFileType = sourcecode.c.objc; path = AppDelegate.m; sourceTree = "<group>"; };
		18F55C621C12DCEB00EFC452 /* ViewController.h */ = {isa = PBXFileReference; lastKnownFileType = sourcecode.c.h; path = ViewController.h; sourceTree = "<group>"; };
		18F55C631C12DCEB00EFC452 /* ViewController.m */ = {isa = PBXFileReference; lastKnownFileType = sourcecode.c.objc; path = ViewController.m; sourceTree = "<group>"; };
		18F55C661C12DCEB00EFC452 /* Base */ = {isa = PBXFileReference; lastKnownFileType = file.storyboard; name = Base; path = Base.lproj/Main.storyboard; sourceTree = "<group>"; };
		18F55C681C12DCEB00EFC452 /* Assets.xcassets */ = {isa = PBXFileReference; lastKnownFileType = folder.assetcatalog; path = Assets.xcassets; sourceTree = "<group>"; };
		18F55C6B1C12DCEB00EFC452 /* Base */ = {isa = PBXFileReference; lastKnownFileType = file.storyboard; name = Base; path = Base.lproj/LaunchScreen.storyboard; sourceTree = "<group>"; };
		18F55C6D1C12DCEB00EFC452 /* Info.plist */ = {isa = PBXFileReference; lastKnownFileType = text.plist.xml; path = Info.plist; sourceTree = "<group>"; };
		18F55C721C12DCEB00EFC452 /* textTests.xctest */ = {isa = PBXFileReference; explicitFileType = wrapper.cfbundle; includeInIndex = 0; path = textTests.xctest; sourceTree = BUILT_PRODUCTS_DIR; };
		18F55C761C12DCEB00EFC452 /* textTests.m */ = {isa = PBXFileReference; lastKnownFileType = sourcecode.c.objc; path = textTests.m; sourceTree = "<group>"; };
		18F55C781C12DCEB00EFC452 /* Info.plist */ = {isa = PBXFileReference; lastKnownFileType = text.plist.xml; path = Info.plist; sourceTree = "<group>"; };
		18F55C7D1C12DCEB00EFC452 /* textUITests.xctest */ = {isa = PBXFileReference; explicitFileType = wrapper.cfbundle; includeInIndex = 0; path = textUITests.xctest; sourceTree = BUILT_PRODUCTS_DIR; };
		18F55C811C12DCEB00EFC452 /* textUITests.m */ = {isa = PBXFileReference; lastKnownFileType = sourcecode.c.objc; path = textUITests.m; sourceTree = "<group>"; };
		18F55C831C12DCEB00EFC452 /* Info.plist */ = {isa = PBXFileReference; lastKnownFileType = text.plist.xml; path = Info.plist; sourceTree = "<group>"; };
/* End PBXFileReference section */

/* Begin PBXFrameworksBuildPhase section */
		18F55C561C12DCEB00EFC452 /* Frameworks */ = {
			isa = PBXFrameworksBuildPhase;
			buildActionMask = 2147483647;
			files = (
			);
			runOnlyForDeploymentPostprocessing = 0;
		};
		18F55C6F1C12DCEB00EFC452 /* Frameworks */ = {
			isa = PBXFrameworksBuildPhase;
			buildActionMask = 2147483647;
			files = (
			);
			runOnlyForDeploymentPostprocessing = 0;
		};
		18F55C7A1C12DCEB00EFC452 /* Frameworks */ = {
			isa = PBXFrameworksBuildPhase;
			buildActionMask = 2147483647;
			files = (
			);
			runOnlyForDeploymentPostprocessing = 0;
		};
/* End PBXFrameworksBuildPhase section */

/* Begin PBXGroup section */
		18F55C501C12DCEB00EFC452 = {
			isa = PBXGroup;
			children = (
				18F55C5B1C12DCEB00EFC452 /* text */,
				18F55C751C12DCEB00EFC452 /* textTests */,
				18F55C801C12DCEB00EFC452 /* textUITests */,
				18F55C5A1C12DCEB00EFC452 /* Products */,
			);
			sourceTree = "<group>";
		};
		18F55C5A1C12DCEB00EFC452 /* Products */ = {
			isa = PBXGroup;
			children = (
				18F55C591C12DCEB00EFC452 /* text.app */,
				18F55C721C12DCEB00EFC452 /* textTests.xctest */,
				18F55C7D1C12DCEB00EFC452 /* textUITests.xctest */,
			);
			name = Products;
			sourceTree = "<group>";
		};
		18F55C5B1C12DCEB00EFC452 /* text */ = {
			isa = PBXGroup;
			children = (
				18F55C5F1C12DCEB00EFC452 /* AppDelegate.h */,
				18F55C601C12DCEB00EFC452 /* AppDelegate.m */,
				18F55C621C12DCEB00EFC452 /* ViewController.h */,
				18F55C631C12DCEB00EFC452 /* ViewController.m */,
				18F55C651C12DCEB00EFC452 /* Main.storyboard */,
				18F55C681C12DCEB00EFC452 /* Assets.xcassets */,
				18F55C6A1C12DCEB00EFC452 /* LaunchScreen.storyboard */,
				18F55C6D1C12DCEB00EFC452 /* Info.plist */,
				18F55C5C1C12DCEB00EFC452 /* Supporting Files */,
			);
			path = text;
			sourceTree = "<group>";
		};
		18F55C5C1C12DCEB00EFC452 /* Supporting Files */ = {
			isa = PBXGroup;
			children = (
				18F55C5D1C12DCEB00EFC452 /* main.m */,
			);
			name = "Supporting Files";
			sourceTree = "<group>";
		};
		18F55C751C12DCEB00EFC452 /* textTests */ = {
			isa = PBXGroup;
			children = (
				18F55C761C12DCEB00EFC452 /* textTests.m */,
				18F55C781C12DCEB00EFC452 /* Info.plist */,
			);
			path = textTests;
			sourceTree = "<group>";
		};
		18F55C801C12DCEB00EFC452 /* textUITests */ = {
			isa = PBXGroup;
			children = (
				18F55C811C12DCEB00EFC452 /* textUITests.m */,
				18F55C831C12DCEB00EFC452 /* Info.plist */,
			);
			path = textUITests;
			sourceTree = "<group>";
		};
/* End PBXGroup section */

/* Begin PBXNativeTarget section */
		18F55C581C12DCEB00EFC452 /* text */ = {
			isa = PBXNativeTarget;
			buildConfigurationList = 18F55C861C12DCEB00EFC452 /* Build configuration list for PBXNativeTarget "text" */;
			buildPhases = (
				18F55C551C12DCEB00EFC452 /* Sources */,
				18F55C561C12DCEB00EFC452 /* Frameworks */,
				18F55C571C12DCEB00EFC452 /* Resources */,
			);
			buildRules = (
			);
			dependencies = (
			);
			name = text;
			productName = text;
			productReference = 18F55C591C12DCEB00EFC452 /* text.app */;
			productType = "com.apple.product-type.application";
		};
		18F55C711C12DCEB00EFC452 /* textTests */ = {
			isa = PBXNativeTarget;
			buildConfigurationList = 18F55C891C12DCEB00EFC452 /* Build configuration list for PBXNativeTarget "textTests" */;
			buildPhases = (
				18F55C6E1C12DCEB00EFC452 /* Sources */,
				18F55C6F1C12DCEB00EFC452 /* Frameworks */,
				18F55C701C12DCEB00EFC452 /* Resources */,
			);
			buildRules = (
			);
			dependencies = (
				18F55C741C12DCEB00EFC452 /* PBXTargetDependency */,
			);
			name = textTests;
			productName = textTests;
			productReference = 18F55C721C12DCEB00EFC452 /* textTests.xctest */;
			productType = "com.apple.product-type.bundle.unit-test";
		};
		18F55C7C1C12DCEB00EFC452 /* textUITests */ = {
			isa = PBXNativeTarget;
			buildConfigurationList = 18F55C8C1C12DCEB00EFC452 /* Build configuration list for PBXNativeTarget "textUITests" */;
			buildPhases = (
				18F55C791C12DCEB00EFC452 /* Sources */,
				18F55C7A1C12DCEB00EFC452 /* Frameworks */,
				18F55C7B1C12DCEB00EFC452 /* Resources */,
			);
			buildRules = (
			);
			dependencies = (
				18F55C7F1C12DCEB00EFC452 /* PBXTargetDependency */,
			);
			name = textUITests;
			productName = textUITests;
			productReference = 18F55C7D1C12DCEB00EFC452 /* textUITests.xctest */;
			productType = "com.apple.product-type.bundle.ui-testing";
		};
/* End PBXNativeTarget section */

/* Begin PBXProject section */
		18F55C511C12DCEB00EFC452 /* Project object */ = {
			isa = PBXProject;
			attributes = {
				LastUpgradeCheck = 0710;
				ORGANIZATIONNAME = apple;
				TargetAttributes = {
					18F55C581C12DCEB00EFC452 = {
						CreatedOnToolsVersion = 7.1;
						DevelopmentTeam = Y76UMGLDWK;
					};
					18F55C711C12DCEB00EFC452 = {
						CreatedOnToolsVersion = 7.1;
						DevelopmentTeam = Y76UMGLDWK;
						TestTargetID = 18F55C581C12DCEB00EFC452;
					};
					18F55C7C1C12DCEB00EFC452 = {
						CreatedOnToolsVersion = 7.1;
						DevelopmentTeam = Y76UMGLDWK;
						TestTargetID = 18F55C581C12DCEB00EFC452;
					};
				};
			};
			buildConfigurationList = 18F55C541C12DCEB00EFC452 /* Build configuration list for PBXProject "text" */;
			compatibilityVersion = "Xcode 3.2";
			developmentRegion = English;
			hasScannedForEncodings = 0;
			knownRegions = (
				en,
				Base,
			);
			mainGroup = 18F55C501C12DCEB00EFC452;
			productRefGroup = 18F55C5A1C12DCEB00EFC452 /* Products */;
			projectDirPath = "";
			projectRoot = "";
			targets = (
				18F55C581C12DCEB00EFC452 /* text */,
				18F55C711C12DCEB00EFC452 /* textTests */,
				18F55C7C1C12DCEB00EFC452 /* textUITests */,
			);
		};
/* End PBXProject section */

/* Begin PBXResourcesBuildPhase section */
		18F55C571C12DCEB00EFC452 /* Resources */ = {
			isa = PBXResourcesBuildPhase;
			buildActionMask = 2147483647;
			files = (
				18F55C6C1C12DCEB00EFC452 /* LaunchScreen.storyboard in Resources */,
				18F55C691C12DCEB00EFC452 /* Assets.xcassets in Resources */,
				18F55C671C12DCEB00EFC452 /* Main.storyboard in Resources */,
			);
			runOnlyForDeploymentPostprocessing = 0;
		};
		18F55C701C12DCEB00EFC452 /* Resources */ = {
			isa = PBXResourcesBuildPhase;
			buildActionMask = 2147483647;
			files = (
			);
			runOnlyForDeploymentPostprocessing = 0;
		};
		18F55C7B1C12DCEB00EFC452 /* Resources */ = {
			isa = PBXResourcesBuildPhase;
			buildActionMask = 2147483647;
			files = (
			);
			runOnlyForDeploymentPostprocessing = 0;
		};
/* End PBXResourcesBuildPhase section */

/* Begin PBXSourcesBuildPhase section */
		18F55C551C12DCEB00EFC452 /* Sources */ = {
			isa = PBXSourcesBuildPhase;
			buildActionMask = 2147483647;
			files = (
				18F55C641C12DCEB00EFC452 /* ViewController.m in Sources */,
				18F55C611C12DCEB00EFC452 /* AppDelegate.m in Sources */,
				18F55C5E1C12DCEB00EFC452 /* main.m in Sources */,
			);
			runOnlyForDeploymentPostprocessing = 0;
		};
		18F55C6E1C12DCEB00EFC452 /* Sources */ = {
			isa = PBXSourcesBuildPhase;
			buildActionMask = 2147483647;
			files = (
				18F55C771C12DCEB00EFC452 /* textTests.m in Sources */,
			);
			runOnlyForDeploymentPostprocessing = 0;
		};
		18F55C791C12DCEB00EFC452 /* Sources */ = {
			isa = PBXSourcesBuildPhase;
			buildActionMask = 2147483647;
			files = (
				18F55C821C12DCEB00EFC452 /* textUITests.m in Sources */,
			);
			runOnlyForDeploymentPostprocessing = 0;
		};
/* End PBXSourcesBuildPhase section */

/* Begin PBXTargetDependency section */
		18F55C741C12DCEB00EFC452 /* PBXTargetDependency */ = {
			isa = PBXTargetDependency;
			target = 18F55C581C12DCEB00EFC452 /* text */;
			targetProxy = 18F55C731C12DCEB00EFC452 /* PBXContainerItemProxy */;
		};
		18F55C7F1C12DCEB00EFC452 /* PBXTargetDependency */ = {
			isa = PBXTargetDependency;
			target = 18F55C581C12DCEB00EFC452 /* text */;
			targetProxy = 18F55C7E1C12DCEB00EFC452 /* PBXContainerItemProxy */;
		};
/* End PBXTargetDependency section */

/* Begin PBXVariantGroup section */
		18F55C651C12DCEB00EFC452 /* Main.storyboard */ = {
			isa = PBXVariantGroup;
			children = (
				18F55C661C12DCEB00EFC452 /* Base */,
			);
			name = Main.storyboard;
			sourceTree = "<group>";
		};
		18F55C6A1C12DCEB00EFC452 /* LaunchScreen.storyboard */ = {
			isa = PBXVariantGroup;
			children = (
				18F55C6B1C12DCEB00EFC452 /* Base */,
			);
			name = LaunchScreen.storyboard;
			sourceTree = "<group>";
		};
/* End PBXVariantGroup section */

/* Begin XCBuildConfiguration section */
		18F55C841C12DCEB00EFC452 /* Debug */ = {
			isa = XCBuildConfiguration;
			buildSettings = {
				ALWAYS_SEARCH_USER_PATHS = NO;
				CLANG_CXX_LANGUAGE_STANDARD = "gnu++0x";
				CLANG_CXX_LIBRARY = "libc++";
				CLANG_ENABLE_MODULES = YES;
				CLANG_ENABLE_OBJC_ARC = YES;
				CLANG_WARN_BOOL_CONVERSION = YES;
				CLANG_WARN_CONSTANT_CONVERSION = YES;
				CLANG_WARN_DIRECT_OBJC_ISA_USAGE = YES_ERROR;
				CLANG_WARN_EMPTY_BODY = YES;
				CLANG_WARN_ENUM_CONVERSION = YES;
				CLANG_WARN_INT_CONVERSION = YES;
				CLANG_WARN_OBJC_ROOT_CLASS = YES_ERROR;
				CLANG_WARN_UNREACHABLE_CODE = YES;
				CLANG_WARN__DUPLICATE_METHOD_MATCH = YES;
				"CODE_SIGN_IDENTITY[sdk=iphoneos*]" = "iPhone Developer";
				COPY_PHASE_STRIP = NO;
				DEBUG_INFORMATION_FORMAT = dwarf;
				ENABLE_STRICT_OBJC_MSGSEND = YES;
				ENABLE_TESTABILITY = YES;
				GCC_C_LANGUAGE_STANDARD = gnu99;
				GCC_DYNAMIC_NO_PIC = NO;
				GCC_NO_COMMON_BLOCKS = YES;
				GCC_OPTIMIZATION_LEVEL = 0;
				GCC_PREPROCESSOR_DEFINITIONS = (
					"DEBUG=1",
					"$(inherited)",
				);
				GCC_WARN_64_TO_32_BIT_CONVERSION = YES;
				GCC_WARN_ABOUT_RETURN_TYPE = YES_ERROR;
				GCC_WARN_UNDECLARED_SELECTOR = YES;
				GCC_WARN_UNINITIALIZED_AUTOS = YES_AGGRESSIVE;
				GCC_WARN_UNUSED_FUNCTION = YES;
				GCC_WARN_UNUSED_VARIABLE = YES;
				IPHONEOS_DEPLOYMENT_TARGET = 9.1;
				MTL_ENABLE_DEBUG_INFO = YES;
				ONLY_ACTIVE_ARCH = YES;
				SDKROOT = iphoneos;
			};
			name = Debug;
		};
		18F55C851C12DCEB00EFC452 /* Release */ = {
			isa = XCBuildConfiguration;
			buildSettings = {
				ALWAYS_SEARCH_USER_PATHS = NO;
				CLANG_CXX_LANGUAGE_STANDARD = "gnu++0x";
				CLANG_CXX_LIBRARY = "libc++";
				CLANG_ENABLE_MODULES = YES;
				CLANG_ENABLE_OBJC_ARC = YES;
				CLANG_WARN_BOOL_CONVERSION = YES;
				CLANG_WARN_CONSTANT_CONVERSION = YES;
				CLANG_WARN_DIRECT_OBJC_ISA_USAGE = YES_ERROR;
				CLANG_WARN_EMPTY_BODY = YES;
				CLANG_WARN_ENUM_CONVERSION = YES;
				CLANG_WARN_INT_CONVERSION = YES;
				CLANG_WARN_OBJC_ROOT_CLASS = YES_ERROR;
				CLANG_WARN_UNREACHABLE_CODE = YES;
				CLANG_WARN__DUPLICATE_METHOD_MATCH = YES;
				"CODE_SIGN_IDENTITY[sdk=iphoneos*]" = "iPhone Developer";
				COPY_PHASE_STRIP = NO;
				DEBUG_INFORMATION_FORMAT = "dwarf-with-dsym";
				ENABLE_NS_ASSERTIONS = NO;
				ENABLE_STRICT_OBJC_MSGSEND = YES;
				GCC_C_LANGUAGE_STANDARD = gnu99;
				GCC_NO_COMMON_BLOCKS = YES;
				GCC_WARN_64_TO_32_BIT_CONVERSION = YES;
				GCC_WARN_ABOUT_RETURN_TYPE = YES_ERROR;
				GCC_WARN_UNDECLARED_SELECTOR = YES;
				GCC_WARN_UNINITIALIZED_AUTOS = YES_AGGRESSIVE;
				GCC_WARN_UNUSED_FUNCTION = YES;
				GCC_WARN_UNUSED_VARIABLE = YES;
				IPHONEOS_DEPLOYMENT_TARGET = 9.1;
				MTL_ENABLE_DEBUG_INFO = NO;
				SDKROOT = iphoneos;
				VALIDATE_PRODUCT = YES;
			};
			name = Release;
		};
		18F55C871C12DCEB00EFC452 /* Debug */ = {
			isa = XCBuildConfiguration;
			buildSettings = {
				ASSETCATALOG_COMPILER_APPICON_NAME = AppIcon;
				INFOPLIST_FILE = text/Info.plist;
				LD_RUNPATH_SEARCH_PATHS = "$(inherited) @executable_path/Frameworks";
				PRODUCT_BUNDLE_IDENTIFIER = cuicn..text;
				PRODUCT_NAME = "$(TARGET_NAME)";
			};
			name = Debug;
		};
		18F55C881C12DCEB00EFC452 /* Release */ = {
			isa = XCBuildConfiguration;
			buildSettings = {
				ASSETCATALOG_COMPILER_APPICON_NAME = AppIcon;
				INFOPLIST_FILE = text/Info.plist;
				LD_RUNPATH_SEARCH_PATHS = "$(inherited) @executable_path/Frameworks";
				PRODUCT_BUNDLE_IDENTIFIER = cuicn..text;
				PRODUCT_NAME = "$(TARGET_NAME)";
			};
			name = Release;
		};
		18F55C8A1C12DCEB00EFC452 /* Debug */ = {
			isa = XCBuildConfiguration;
			buildSettings = {
				BUNDLE_LOADER = "$(TEST_HOST)";
				INFOPLIST_FILE = textTests/Info.plist;
				LD_RUNPATH_SEARCH_PATHS = "$(inherited) @executable_path/Frameworks @loader_path/Frameworks";
				PRODUCT_BUNDLE_IDENTIFIER = cuicn..textTests;
				PRODUCT_NAME = "$(TARGET_NAME)";
				TEST_HOST = "$(BUILT_PRODUCTS_DIR)/text.app/text";
			};
			name = Debug;
		};
		18F55C8B1C12DCEB00EFC452 /* Release */ = {
			isa = XCBuildConfiguration;
			buildSettings = {
				BUNDLE_LOADER = "$(TEST_HOST)";
				INFOPLIST_FILE = textTests/Info.plist;
				LD_RUNPATH_SEARCH_PATHS = "$(inherited) @executable_path/Frameworks @loader_path/Frameworks";
				PRODUCT_BUNDLE_IDENTIFIER = cuicn..textTests;
				PRODUCT_NAME = "$(TARGET_NAME)";
				TEST_HOST = "$(BUILT_PRODUCTS_DIR)/text.app/text";
			};
			name = Release;
		};
		18F55C8D1C12DCEB00EFC452 /* Debug */ = {
			isa = XCBuildConfiguration;
			buildSettings = {
				INFOPLIST_FILE = textUITests/Info.plist;
				LD_RUNPATH_SEARCH_PATHS = "$(inherited) @executable_path/Frameworks @loader_path/Frameworks";
				PRODUCT_BUNDLE_IDENTIFIER = cuicn..textUITests;
				PRODUCT_NAME = "$(TARGET_NAME)";
				TEST_TARGET_NAME = text;
				USES_XCTRUNNER = YES;
			};
			name = Debug;
		};
		18F55C8E1C12DCEB00EFC452 /* Release */ = {
			isa = XCBuildConfiguration;
			buildSettings = {
				INFOPLIST_FILE = textUITests/Info.plist;
				LD_RUNPATH_SEARCH_PATHS = "$(inherited) @executable_path/Frameworks @loader_path/Frameworks";
				PRODUCT_BUNDLE_IDENTIFIER = cuicn..textUITests;
				PRODUCT_NAME = "$(TARGET_NAME)";
				TEST_TARGET_NAME = text;
				USES_XCTRUNNER = YES;
			};
			name = Release;
		};
/* End XCBuildConfiguration section */

/* Begin XCConfigurationList section */
		18F55C541C12DCEB00EFC452 /* Build configuration list for PBXProject "text" */ = {
			isa = XCConfigurationList;
			buildConfigurations = (
				18F55C841C12DCEB00EFC452 /* Debug */,
				18F55C851C12DCEB00EFC452 /* Release */,
			);
			defaultConfigurationIsVisible = 0;
			defaultConfigurationName = Release;
		};
		18F55C861C12DCEB00EFC452 /* Build configuration list for PBXNativeTarget "text" */ = {
			isa = XCConfigurationList;
			buildConfigurations = (
				18F55C871C12DCEB00EFC452 /* Debug */,
				18F55C881C12DCEB00EFC452 /* Release */,
			);
			defaultConfigurationIsVisible = 0;
		};
		18F55C891C12DCEB00EFC452 /* Build configuration list for PBXNativeTarget "textTests" */ = {
			isa = XCConfigurationList;
			buildConfigurations = (
				18F55C8A1C12DCEB00EFC452 /* Debug */,
				18F55C8B1C12DCEB00EFC452 /* Release */,
			);
			defaultConfigurationIsVisible = 0;
		};
		18F55C8C1C12DCEB00EFC452 /* Build configuration list for PBXNativeTarget "textUITests" */ = {
			isa = XCConfigurationList;
			buildConfigurations = (
				18F55C8D1C12DCEB00EFC452 /* Debug */,
				18F55C8E1C12DCEB00EFC452 /* Release */,
			);
			defaultConfigurationIsVisible = 0;
		};
/* End XCConfigurationList section */
	};
	rootObject = 18F55C511C12DCEB00EFC452 /* Project object */;
}
